
Microsoft Visual Studio Solution File, Format Version 12.00
Project("{FAE04EC0-301F-11D3-BF4B-00C04F79EFBC}") = "Osbeorn.ScalableCounter.Api", "src\Osbeorn.ScalableCounter.Api\Osbeorn.ScalableCounter.Api.csproj", "{6E44FCE1-A20F-42D9-87D6-8373EB464108}"
EndProject
Project("{FAE04EC0-301F-11D3-BF4B-00C04F79EFBC}") = "Osbeorn.ScalableCounter.Db", "src\Osbeorn.ScalableCounter.Db\Osbeorn.ScalableCounter.Db.csproj", "{90F7D6F0-A233-47F0-B7A1-84633D31FB2D}"
EndProject
Project("{FAE04EC0-301F-11D3-BF4B-00C04F79EFBC}") = "Osbeorn.ScalableCounter.Domain", "src\Osbeorn.ScalableCounter.Domain\Osbeorn.ScalableCounter.Domain.csproj", "{212E7AA0-916A-40C1-9891-CE079C2952F2}"
EndProject
Project("{FAE04EC0-301F-11D3-BF4B-00C04F79EFBC}") = "Osbeorn.ScalableCounter.Api.Tests", "tests\Osbeorn.ScalableCounter.Api.Tests\Osbeorn.ScalableCounter.Api.Tests.csproj", "{5F234BFA-6666-4439-A159-B554675A1620}"
EndProject
Project("{2150E333-8FDC-42A3-9474-1A3956D46DE8}") = "src", "src", "{7CB5EAA7-6A21-48DD-995E-8C8BEBBEEC10}"
EndProject
Project("{2150E333-8FDC-42A3-9474-1A3956D46DE8}") = "tests", "tests", "{4003AC6C-E0EA-4A4B-BA4A-35BEAE8EDAC3}"
EndProject
Global
	GlobalSection(SolutionConfigurationPlatforms) = preSolution
		Debug|Any CPU = Debug|Any CPU
		Release|Any CPU = Release|Any CPU
	EndGlobalSection
	GlobalSection(ProjectConfigurationPlatforms) = postSolution
		{6E44FCE1-A20F-42D9-87D6-8373EB464108}.Debug|Any CPU.ActiveCfg = Debug|Any CPU
		{6E44FCE1-A20F-42D9-87D6-8373EB464108}.Debug|Any CPU.Build.0 = Debug|Any CPU
		{6E44FCE1-A20F-42D9-87D6-8373EB464108}.Release|Any CPU.ActiveCfg = Release|Any CPU
		{6E44FCE1-A20F-42D9-87D6-8373EB464108}.Release|Any CPU.Build.0 = Release|Any CPU
		{90F7D6F0-A233-47F0-B7A1-84633D31FB2D}.Debug|Any CPU.ActiveCfg = Debug|Any CPU
		{90F7D6F0-A233-47F0-B7A1-84633D31FB2D}.Debug|Any CPU.Build.0 = Debug|Any CPU
		{90F7D6F0-A233-47F0-B7A1-84633D31FB2D}.Release|Any CPU.ActiveCfg = Release|Any CPU
		{90F7D6F0-A233-47F0-B7A1-84633D31FB2D}.Release|Any CPU.Build.0 = Release|Any CPU
		{212E7AA0-916A-40C1-9891-CE079C2952F2}.Debug|Any CPU.ActiveCfg = Debug|Any CPU
		{212E7AA0-916A-40C1-9891-CE079C2952F2}.Debug|Any CPU.Build.0 = Debug|Any CPU
		{212E7AA0-916A-40C1-9891-CE079C2952F2}.Release|Any CPU.ActiveCfg = Release|Any CPU
		{212E7AA0-916A-40C1-9891-CE079C2952F2}.Release|Any CPU.Build.0 = Release|Any CPU
		{5F234BFA-6666-4439-A159-B554675A1620}.Debug|Any CPU.ActiveCfg = Debug|Any CPU
		{5F234BFA-6666-4439-A159-B554675A1620}.Debug|Any CPU.Build.0 = Debug|Any CPU
		{5F234BFA-6666-4439-A159-B554675A1620}.Release|Any CPU.ActiveCfg = Release|Any CPU
		{5F234BFA-6666-4439-A159-B554675A1620}.Release|Any CPU.Build.0 = Release|Any CPU
	EndGlobalSection
	GlobalSection(NestedProjects) = preSolution
        {6E44FCE1-A20F-42D9-87D6-8373EB464108} = {7CB5EAA7-6A21-48DD-995E-8C8BEBBEEC10}
        {90F7D6F0-A233-47F0-B7A1-84633D31FB2D} = {7CB5EAA7-6A21-48DD-995E-8C8BEBBEEC10}
        {212E7AA0-916A-40C1-9891-CE079C2952F2} = {7CB5EAA7-6A21-48DD-995E-8C8BEBBEEC10}
        {5F234BFA-6666-4439-A159-B554675A1620} = {4003AC6C-E0EA-4A4B-BA4A-35BEAE8EDAC3}
    EndGlobalSection
EndGlobal
